// !$*UTF8*$!
{
	archiveVersion = 1;
	classes = {
	};
	objectVersion = 48;
	objects = {

/* Begin PBXBuildFile section */
		4645E6AE211C7B9500D268E9 /* GroupCell.swift in Sources */ = {isa = PBXBuildFile; fileRef = 4645E6AD211C7B9500D268E9 /* GroupCell.swift */; };
		4645E6B0211C929700D268E9 /* Group.swift in Sources */ = {isa = PBXBuildFile; fileRef = 4645E6AF211C929700D268E9 /* Group.swift */; };
		464A05D5211991790026ED40 /* AppDelegate.swift in Sources */ = {isa = PBXBuildFile; fileRef = 464A05D4211991790026ED40 /* AppDelegate.swift */; };
		464A05D7211991790026ED40 /* FeedVC.swift in Sources */ = {isa = PBXBuildFile; fileRef = 464A05D6211991790026ED40 /* FeedVC.swift */; };
		464A05D9211991790026ED40 /* GroupsVC.swift in Sources */ = {isa = PBXBuildFile; fileRef = 464A05D8211991790026ED40 /* GroupsVC.swift */; };
		464A05DC211991790026ED40 /* Main.storyboard in Resources */ = {isa = PBXBuildFile; fileRef = 464A05DA211991790026ED40 /* Main.storyboard */; };
		464A05DE211991790026ED40 /* Assets.xcassets in Resources */ = {isa = PBXBuildFile; fileRef = 464A05DD211991790026ED40 /* Assets.xcassets */; };
		464A05E1211991790026ED40 /* LaunchScreen.storyboard in Resources */ = {isa = PBXBuildFile; fileRef = 464A05DF211991790026ED40 /* LaunchScreen.storyboard */; };
		464A05EE211995B80026ED40 /* GoogleService-Info.plist in Resources */ = {isa = PBXBuildFile; fileRef = 464A05ED211995B80026ED40 /* GoogleService-Info.plist */; };
		464A05F021199A060026ED40 /* DataService.swift in Sources */ = {isa = PBXBuildFile; fileRef = 464A05EF21199A060026ED40 /* DataService.swift */; };
		464A05F22119AF5F0026ED40 /* AuthVC.swift in Sources */ = {isa = PBXBuildFile; fileRef = 464A05F12119AF5F0026ED40 /* AuthVC.swift */; };
		464A05F42119AF700026ED40 /* LoginVC.swift in Sources */ = {isa = PBXBuildFile; fileRef = 464A05F32119AF700026ED40 /* LoginVC.swift */; };
		464A05F62119B0620026ED40 /* InsetTextfield.swift in Sources */ = {isa = PBXBuildFile; fileRef = 464A05F52119B0620026ED40 /* InsetTextfield.swift */; };
		464A05F82119B9960026ED40 /* ShadowView.swift in Sources */ = {isa = PBXBuildFile; fileRef = 464A05F72119B9960026ED40 /* ShadowView.swift */; };
		464A05FA2119BD5C0026ED40 /* AuthService.swift in Sources */ = {isa = PBXBuildFile; fileRef = 464A05F92119BD5C0026ED40 /* AuthService.swift */; };
		46A2AEF22119F3D2009E3C25 /* MeVC.swift in Sources */ = {isa = PBXBuildFile; fileRef = 46A2AEF12119F3D2009E3C25 /* MeVC.swift */; };
		46A2AEF42119FAD4009E3C25 /* CreatePostVC.swift in Sources */ = {isa = PBXBuildFile; fileRef = 46A2AEF32119FAD4009E3C25 /* CreatePostVC.swift */; };
		46A2AEF6211A079C009E3C25 /* UIViewExt.swift in Sources */ = {isa = PBXBuildFile; fileRef = 46A2AEF5211A079C009E3C25 /* UIViewExt.swift */; };
		46A2AEF8211A0B9A009E3C25 /* FeedCell.swift in Sources */ = {isa = PBXBuildFile; fileRef = 46A2AEF7211A0B9A009E3C25 /* FeedCell.swift */; };
		46A2AEFA211A10C6009E3C25 /* Message.swift in Sources */ = {isa = PBXBuildFile; fileRef = 46A2AEF9211A10C6009E3C25 /* Message.swift */; };
		46AC2B4A211AF69200F8E5E0 /* CreateGroupsVC.swift in Sources */ = {isa = PBXBuildFile; fileRef = 46AC2B49211AF69200F8E5E0 /* CreateGroupsVC.swift */; };
		46AC2B4C211AFDA900F8E5E0 /* UserCell.swift in Sources */ = {isa = PBXBuildFile; fileRef = 46AC2B4B211AFDA900F8E5E0 /* UserCell.swift */; };
		573789A410F5779693A26158 /* Pods_breakpoint.framework in Frameworks */ = {isa = PBXBuildFile; fileRef = 9F3D77F585048B037BED03E0 /* Pods_breakpoint.framework */; };
/* End PBXBuildFile section */

/* Begin PBXFileReference section */
		1F4CB1655F484BD6A9DEBD3E /* Pods-breakpoint.release.xcconfig */ = {isa = PBXFileReference; includeInIndex = 1; lastKnownFileType = text.xcconfig; name = "Pods-breakpoint.release.xcconfig"; path = "Pods/Target Support Files/Pods-breakpoint/Pods-breakpoint.release.xcconfig"; sourceTree = "<group>"; };
		4645E6AD211C7B9500D268E9 /* GroupCell.swift */ = {isa = PBXFileReference; lastKnownFileType = sourcecode.swift; path = GroupCell.swift; sourceTree = "<group>"; };
		4645E6AF211C929700D268E9 /* Group.swift */ = {isa = PBXFileReference; lastKnownFileType = sourcecode.swift; path = Group.swift; sourceTree = "<group>"; };
		464A05D1211991790026ED40 /* breakpoint.app */ = {isa = PBXFileReference; explicitFileType = wrapper.application; includeInIndex = 0; path = breakpoint.app; sourceTree = BUILT_PRODUCTS_DIR; };
		464A05D4211991790026ED40 /* AppDelegate.swift */ = {isa = PBXFileReference; lastKnownFileType = sourcecode.swift; path = AppDelegate.swift; sourceTree = "<group>"; };
		464A05D6211991790026ED40 /* FeedVC.swift */ = {isa = PBXFileReference; lastKnownFileType = sourcecode.swift; path = FeedVC.swift; sourceTree = "<group>"; };
		464A05D8211991790026ED40 /* GroupsVC.swift */ = {isa = PBXFileReference; lastKnownFileType = sourcecode.swift; path = GroupsVC.swift; sourceTree = "<group>"; };
		464A05DB211991790026ED40 /* Base */ = {isa = PBXFileReference; lastKnownFileType = file.storyboard; name = Base; path = Base.lproj/Main.storyboard; sourceTree = "<group>"; };
		464A05DD211991790026ED40 /* Assets.xcassets */ = {isa = PBXFileReference; lastKnownFileType = folder.assetcatalog; path = Assets.xcassets; sourceTree = "<group>"; };
		464A05E0211991790026ED40 /* Base */ = {isa = PBXFileReference; lastKnownFileType = file.storyboard; name = Base; path = Base.lproj/LaunchScreen.storyboard; sourceTree = "<group>"; };
		464A05E2211991790026ED40 /* Info.plist */ = {isa = PBXFileReference; lastKnownFileType = text.plist.xml; path = Info.plist; sourceTree = "<group>"; };
		464A05ED211995B80026ED40 /* GoogleService-Info.plist */ = {isa = PBXFileReference; fileEncoding = 4; lastKnownFileType = text.plist.xml; path = "GoogleService-Info.plist"; sourceTree = "<group>"; };
		464A05EF21199A060026ED40 /* DataService.swift */ = {isa = PBXFileReference; lastKnownFileType = sourcecode.swift; path = DataService.swift; sourceTree = "<group>"; };
		464A05F12119AF5F0026ED40 /* AuthVC.swift */ = {isa = PBXFileReference; lastKnownFileType = sourcecode.swift; path = AuthVC.swift; sourceTree = "<group>"; };
		464A05F32119AF700026ED40 /* LoginVC.swift */ = {isa = PBXFileReference; lastKnownFileType = sourcecode.swift; path = LoginVC.swift; sourceTree = "<group>"; };
		464A05F52119B0620026ED40 /* InsetTextfield.swift */ = {isa = PBXFileReference; lastKnownFileType = sourcecode.swift; path = InsetTextfield.swift; sourceTree = "<group>"; };
		464A05F72119B9960026ED40 /* ShadowView.swift */ = {isa = PBXFileReference; lastKnownFileType = sourcecode.swift; path = ShadowView.swift; sourceTree = "<group>"; };
		464A05F92119BD5C0026ED40 /* AuthService.swift */ = {isa = PBXFileReference; lastKnownFileType = sourcecode.swift; path = AuthService.swift; sourceTree = "<group>"; };
		46A2AEF12119F3D2009E3C25 /* MeVC.swift */ = {isa = PBXFileReference; lastKnownFileType = sourcecode.swift; path = MeVC.swift; sourceTree = "<group>"; };
		46A2AEF32119FAD4009E3C25 /* CreatePostVC.swift */ = {isa = PBXFileReference; lastKnownFileType = sourcecode.swift; path = CreatePostVC.swift; sourceTree = "<group>"; };
		46A2AEF5211A079C009E3C25 /* UIViewExt.swift */ = {isa = PBXFileReference; fileEncoding = 4; lastKnownFileType = sourcecode.swift; path = UIViewExt.swift; sourceTree = "<group>"; };
		46A2AEF7211A0B9A009E3C25 /* FeedCell.swift */ = {isa = PBXFileReference; lastKnownFileType = sourcecode.swift; path = FeedCell.swift; sourceTree = "<group>"; };
		46A2AEF9211A10C6009E3C25 /* Message.swift */ = {isa = PBXFileReference; lastKnownFileType = sourcecode.swift; path = Message.swift; sourceTree = "<group>"; };
		46AC2B49211AF69200F8E5E0 /* CreateGroupsVC.swift */ = {isa = PBXFileReference; lastKnownFileType = sourcecode.swift; path = CreateGroupsVC.swift; sourceTree = "<group>"; };
		46AC2B4B211AFDA900F8E5E0 /* UserCell.swift */ = {isa = PBXFileReference; lastKnownFileType = sourcecode.swift; path = UserCell.swift; sourceTree = "<group>"; };
		9F3D77F585048B037BED03E0 /* Pods_breakpoint.framework */ = {isa = PBXFileReference; explicitFileType = wrapper.framework; includeInIndex = 0; path = Pods_breakpoint.framework; sourceTree = BUILT_PRODUCTS_DIR; };
		B81F3131664DDB9EEDE60B4B /* Pods-breakpoint.debug.xcconfig */ = {isa = PBXFileReference; includeInIndex = 1; lastKnownFileType = text.xcconfig; name = "Pods-breakpoint.debug.xcconfig"; path = "Pods/Target Support Files/Pods-breakpoint/Pods-breakpoint.debug.xcconfig"; sourceTree = "<group>"; };
/* End PBXFileReference section */

/* Begin PBXFrameworksBuildPhase section */
		464A05CE211991790026ED40 /* Frameworks */ = {
			isa = PBXFrameworksBuildPhase;
			buildActionMask = 2147483647;
			files = (
				573789A410F5779693A26158 /* Pods_breakpoint.framework in Frameworks */,
			);
			runOnlyForDeploymentPostprocessing = 0;
		};
/* End PBXFrameworksBuildPhase section */

/* Begin PBXGroup section */
		0C01A9D97B94D5182DB0669B /* Frameworks */ = {
			isa = PBXGroup;
			children = (
				9F3D77F585048B037BED03E0 /* Pods_breakpoint.framework */,
			);
			name = Frameworks;
			sourceTree = "<group>";
		};
		305942591051EA571905F27C /* Pods */ = {
			isa = PBXGroup;
			children = (
				B81F3131664DDB9EEDE60B4B /* Pods-breakpoint.debug.xcconfig */,
				1F4CB1655F484BD6A9DEBD3E /* Pods-breakpoint.release.xcconfig */,
			);
			name = Pods;
			sourceTree = "<group>";
		};
		464A05C8211991790026ED40 = {
			isa = PBXGroup;
			children = (
				464A05D3211991790026ED40 /* breakpoint */,
				464A05D2211991790026ED40 /* Products */,
				305942591051EA571905F27C /* Pods */,
				0C01A9D97B94D5182DB0669B /* Frameworks */,
			);
			sourceTree = "<group>";
		};
		464A05D2211991790026ED40 /* Products */ = {
			isa = PBXGroup;
			children = (
				464A05D1211991790026ED40 /* breakpoint.app */,
			);
			name = Products;
			sourceTree = "<group>";
		};
		464A05D3211991790026ED40 /* breakpoint */ = {
			isa = PBXGroup;
			children = (
				464A05EC2119924C0026ED40 /* Services */,
				464A05EB211991FE0026ED40 /* Extensions */,
				464A05EA211991EC0026ED40 /* Model */,
				464A05E9211991E40026ED40 /* View */,
				464A05E8211991C70026ED40 /* Controller */,
				464A05D4211991790026ED40 /* AppDelegate.swift */,
				464A05DA211991790026ED40 /* Main.storyboard */,
				464A05DD211991790026ED40 /* Assets.xcassets */,
				464A05DF211991790026ED40 /* LaunchScreen.storyboard */,
				464A05E2211991790026ED40 /* Info.plist */,
				464A05ED211995B80026ED40 /* GoogleService-Info.plist */,
			);
			path = breakpoint;
			sourceTree = "<group>";
		};
		464A05E8211991C70026ED40 /* Controller */ = {
			isa = PBXGroup;
			children = (
				464A05F12119AF5F0026ED40 /* AuthVC.swift */,
				464A05F32119AF700026ED40 /* LoginVC.swift */,
				46A2AEF12119F3D2009E3C25 /* MeVC.swift */,
				46A2AEF32119FAD4009E3C25 /* CreatePostVC.swift */,
				464A05D6211991790026ED40 /* FeedVC.swift */,
				464A05D8211991790026ED40 /* GroupsVC.swift */,
				46AC2B49211AF69200F8E5E0 /* CreateGroupsVC.swift */,
			);
			path = Controller;
			sourceTree = "<group>";
		};
		464A05E9211991E40026ED40 /* View */ = {
			isa = PBXGroup;
			children = (
				464A05F52119B0620026ED40 /* InsetTextfield.swift */,
				464A05F72119B9960026ED40 /* ShadowView.swift */,
				46A2AEF7211A0B9A009E3C25 /* FeedCell.swift */,
				46AC2B4B211AFDA900F8E5E0 /* UserCell.swift */,
				4645E6AD211C7B9500D268E9 /* GroupCell.swift */,
			);
			path = View;
			sourceTree = "<group>";
		};
		464A05EA211991EC0026ED40 /* Model */ = {
			isa = PBXGroup;
			children = (
				46A2AEF9211A10C6009E3C25 /* Message.swift */,
				4645E6AF211C929700D268E9 /* Group.swift */,
			);
			path = Model;
			sourceTree = "<group>";
		};
		464A05EB211991FE0026ED40 /* Extensions */ = {
			isa = PBXGroup;
			children = (
				46A2AEF5211A079C009E3C25 /* UIViewExt.swift */,
			);
			path = Extensions;
			sourceTree = "<group>";
		};
		464A05EC2119924C0026ED40 /* Services */ = {
			isa = PBXGroup;
			children = (
				464A05EF21199A060026ED40 /* DataService.swift */,
				464A05F92119BD5C0026ED40 /* AuthService.swift */,
			);
			path = Services;
			sourceTree = "<group>";
		};
/* End PBXGroup section */

/* Begin PBXNativeTarget section */
		464A05D0211991790026ED40 /* breakpoint */ = {
			isa = PBXNativeTarget;
			buildConfigurationList = 464A05E5211991790026ED40 /* Build configuration list for PBXNativeTarget "breakpoint" */;
			buildPhases = (
				54CD5834300EB2C521F31490 /* [CP] Check Pods Manifest.lock */,
				464A05CD211991790026ED40 /* Sources */,
				464A05CE211991790026ED40 /* Frameworks */,
				464A05CF211991790026ED40 /* Resources */,
				BFF1ADE35842901AABCB2A59 /* [CP] Embed Pods Frameworks */,
			);
			buildRules = (
			);
			dependencies = (
			);
			name = breakpoint;
			productName = breakpoint;
			productReference = 464A05D1211991790026ED40 /* breakpoint.app */;
			productType = "com.apple.product-type.application";
		};
/* End PBXNativeTarget section */

/* Begin PBXProject section */
		464A05C9211991790026ED40 /* Project object */ = {
			isa = PBXProject;
			attributes = {
				LastSwiftUpdateCheck = 0920;
				LastUpgradeCheck = 0920;
				ORGANIZATIONNAME = "My Macbook Pro";
				TargetAttributes = {
					464A05D0211991790026ED40 = {
						CreatedOnToolsVersion = 9.2;
						ProvisioningStyle = Automatic;
					};
				};
			};
			buildConfigurationList = 464A05CC211991790026ED40 /* Build configuration list for PBXProject "breakpoint" */;
			compatibilityVersion = "Xcode 8.0";
			developmentRegion = en;
			hasScannedForEncodings = 0;
			knownRegions = (
				en,
				Base,
			);
			mainGroup = 464A05C8211991790026ED40;
			productRefGroup = 464A05D2211991790026ED40 /* Products */;
			projectDirPath = "";
			projectRoot = "";
			targets = (
				464A05D0211991790026ED40 /* breakpoint */,
			);
		};
/* End PBXProject section */

/* Begin PBXResourcesBuildPhase section */
		464A05CF211991790026ED40 /* Resources */ = {
			isa = PBXResourcesBuildPhase;
			buildActionMask = 2147483647;
			files = (
				464A05E1211991790026ED40 /* LaunchScreen.storyboard in Resources */,
				464A05EE211995B80026ED40 /* GoogleService-Info.plist in Resources */,
				464A05DE211991790026ED40 /* Assets.xcassets in Resources */,
				464A05DC211991790026ED40 /* Main.storyboard in Resources */,
			);
			runOnlyForDeploymentPostprocessing = 0;
		};
/* End PBXResourcesBuildPhase section */

/* Begin PBXShellScriptBuildPhase section */
		54CD5834300EB2C521F31490 /* [CP] Check Pods Manifest.lock */ = {
			isa = PBXShellScriptBuildPhase;
			buildActionMask = 2147483647;
			files = (
			);
			inputPaths = (
				"${PODS_PODFILE_DIR_PATH}/Podfile.lock",
				"${PODS_ROOT}/Manifest.lock",
			);
			name = "[CP] Check Pods Manifest.lock";
			outputPaths = (
				"$(DERIVED_FILE_DIR)/Pods-breakpoint-checkManifestLockResult.txt",
			);
			runOnlyForDeploymentPostprocessing = 0;
			shellPath = /bin/sh;
			shellScript = "diff \"${PODS_PODFILE_DIR_PATH}/Podfile.lock\" \"${PODS_ROOT}/Manifest.lock\" > /dev/null\nif [ $? != 0 ] ; then\n    # print error to STDERR\n    echo \"error: The sandbox is not in sync with the Podfile.lock. Run 'pod install' or update your CocoaPods installation.\" >&2\n    exit 1\nfi\n# This output is used by Xcode 'outputs' to avoid re-running this script phase.\necho \"SUCCESS\" > \"${SCRIPT_OUTPUT_FILE_0}\"\n";
			showEnvVarsInLog = 0;
		};
		BFF1ADE35842901AABCB2A59 /* [CP] Embed Pods Frameworks */ = {
			isa = PBXShellScriptBuildPhase;
			buildActionMask = 2147483647;
			files = (
			);
			inputPaths = (
				"${SRCROOT}/Pods/Target Support Files/Pods-breakpoint/Pods-breakpoint-frameworks.sh",
				"${BUILT_PRODUCTS_DIR}/GTMSessionFetcher/GTMSessionFetcher.framework",
				"${BUILT_PRODUCTS_DIR}/GoogleToolboxForMac/GoogleToolboxForMac.framework",
				"${BUILT_PRODUCTS_DIR}/leveldb-library/leveldb.framework",
				"${BUILT_PRODUCTS_DIR}/nanopb/nanopb.framework",
			);
			name = "[CP] Embed Pods Frameworks";
			outputPaths = (
				"${TARGET_BUILD_DIR}/${FRAMEWORKS_FOLDER_PATH}/GTMSessionFetcher.framework",
				"${TARGET_BUILD_DIR}/${FRAMEWORKS_FOLDER_PATH}/GoogleToolboxForMac.framework",
				"${TARGET_BUILD_DIR}/${FRAMEWORKS_FOLDER_PATH}/leveldb.framework",
				"${TARGET_BUILD_DIR}/${FRAMEWORKS_FOLDER_PATH}/nanopb.framework",
			);
			runOnlyForDeploymentPostprocessing = 0;
			shellPath = /bin/sh;
			shellScript = "\"${SRCROOT}/Pods/Target Support Files/Pods-breakpoint/Pods-breakpoint-frameworks.sh\"\n";
			showEnvVarsInLog = 0;
		};
/* End PBXShellScriptBuildPhase section */

/* Begin PBXSourcesBuildPhase section */
		464A05CD211991790026ED40 /* Sources */ = {
			isa = PBXSourcesBuildPhase;
			buildActionMask = 2147483647;
			files = (
				46A2AEF6211A079C009E3C25 /* UIViewExt.swift in Sources */,
				46A2AEF8211A0B9A009E3C25 /* FeedCell.swift in Sources */,
				46A2AEF22119F3D2009E3C25 /* MeVC.swift in Sources */,
				4645E6AE211C7B9500D268E9 /* GroupCell.swift in Sources */,
				464A05F22119AF5F0026ED40 /* AuthVC.swift in Sources */,
				464A05D9211991790026ED40 /* GroupsVC.swift in Sources */,
				464A05F42119AF700026ED40 /* LoginVC.swift in Sources */,
				464A05FA2119BD5C0026ED40 /* AuthService.swift in Sources */,
				464A05D5211991790026ED40 /* AppDelegate.swift in Sources */,
				4645E6B0211C929700D268E9 /* Group.swift in Sources */,
				46AC2B4C211AFDA900F8E5E0 /* UserCell.swift in Sources */,
				46AC2B4A211AF69200F8E5E0 /* CreateGroupsVC.swift in Sources */,
				464A05F82119B9960026ED40 /* ShadowView.swift in Sources */,
				46A2AEF42119FAD4009E3C25 /* CreatePostVC.swift in Sources */,
				464A05D7211991790026ED40 /* FeedVC.swift in Sources */,
				464A05F021199A060026ED40 /* DataService.swift in Sources */,
				464A05F62119B0620026ED40 /* InsetTextfield.swift in Sources */,
				46A2AEFA211A10C6009E3C25 /* Message.swift in Sources */,
			);
			runOnlyForDeploymentPostprocessing = 0;
		};
/* End PBXSourcesBuildPhase section */

/* Begin PBXVariantGroup section */
		464A05DA211991790026ED40 /* Main.storyboard */ = {
			isa = PBXVariantGroup;
			children = (
				464A05DB211991790026ED40 /* Base */,
			);
			name = Main.storyboard;
			sourceTree = "<group>";
		};
		464A05DF211991790026ED40 /* LaunchScreen.storyboard */ = {
			isa = PBXVariantGroup;
			children = (
				464A05E0211991790026ED40 /* Base */,
			);
			name = LaunchScreen.storyboard;
			sourceTree = "<group>";
		};
/* End PBXVariantGroup section */

/* Begin XCBuildConfiguration section */
		464A05E3211991790026ED40 /* Debug */ = {
			isa = XCBuildConfiguration;
			buildSettings = {
				ALWAYS_SEARCH_USER_PATHS = NO;
				CLANG_ANALYZER_NONNULL = YES;
				CLANG_ANALYZER_NUMBER_OBJECT_CONVERSION = YES_AGGRESSIVE;
				CLANG_CXX_LANGUAGE_STANDARD = "gnu++14";
				CLANG_CXX_LIBRARY = "libc++";
				CLANG_ENABLE_MODULES = YES;
				CLANG_ENABLE_OBJC_ARC = YES;
				CLANG_WARN_BLOCK_CAPTURE_AUTORELEASING = YES;
				CLANG_WARN_BOOL_CONVERSION = YES;
				CLANG_WARN_COMMA = YES;
				CLANG_WARN_CONSTANT_CONVERSION = YES;
				CLANG_WARN_DIRECT_OBJC_ISA_USAGE = YES_ERROR;
				CLANG_WARN_DOCUMENTATION_COMMENTS = YES;
				CLANG_WARN_EMPTY_BODY = YES;
				CLANG_WARN_ENUM_CONVERSION = YES;
				CLANG_WARN_INFINITE_RECURSION = YES;
				CLANG_WARN_INT_CONVERSION = YES;
				CLANG_WARN_NON_LITERAL_NULL_CONVERSION = YES;
				CLANG_WARN_OBJC_LITERAL_CONVERSION = YES;
				CLANG_WARN_OBJC_ROOT_CLASS = YES_ERROR;
				CLANG_WARN_RANGE_LOOP_ANALYSIS = YES;
				CLANG_WARN_STRICT_PROTOTYPES = YES;
				CLANG_WARN_SUSPICIOUS_MOVE = YES;
				CLANG_WARN_UNGUARDED_AVAILABILITY = YES_AGGRESSIVE;
				CLANG_WARN_UNREACHABLE_CODE = YES;
				CLANG_WARN__DUPLICATE_METHOD_MATCH = YES;
				CODE_SIGN_IDENTITY = "iPhone Developer";
				COPY_PHASE_STRIP = NO;
				DEBUG_INFORMATION_FORMAT = dwarf;
				ENABLE_STRICT_OBJC_MSGSEND = YES;
				ENABLE_TESTABILITY = YES;
				GCC_C_LANGUAGE_STANDARD = gnu11;
				GCC_DYNAMIC_NO_PIC = NO;
				GCC_NO_COMMON_BLOCKS = YES;
				GCC_OPTIMIZATION_LEVEL = 0;
				GCC_PREPROCESSOR_DEFINITIONS = (
					"DEBUG=1",
					"$(inherited)",
				);
				GCC_WARN_64_TO_32_BIT_CONVERSION = YES;
				GCC_WARN_ABOUT_RETURN_TYPE = YES_ERROR;
				GCC_WARN_UNDECLARED_SELECTOR = YES;
				GCC_WARN_UNINITIALIZED_AUTOS = YES_AGGRESSIVE;
				GCC_WARN_UNUSED_FUNCTION = YES;
				GCC_WARN_UNUSED_VARIABLE = YES;
				IPHONEOS_DEPLOYMENT_TARGET = 11.2;
				MTL_ENABLE_DEBUG_INFO = YES;
				ONLY_ACTIVE_ARCH = YES;
				SDKROOT = iphoneos;
				SWIFT_ACTIVE_COMPILATION_CONDITIONS = DEBUG;
				SWIFT_OPTIMIZATION_LEVEL = "-Onone";
			};
			name = Debug;
		};
		464A05E4211991790026ED40 /* Release */ = {
			isa = XCBuildConfiguration;
			buildSettings = {
				ALWAYS_SEARCH_USER_PATHS = NO;
				CLANG_ANALYZER_NONNULL = YES;
				CLANG_ANALYZER_NUMBER_OBJECT_CONVERSION = YES_AGGRESSIVE;
				CLANG_CXX_LANGUAGE_STANDARD = "gnu++14";
				CLANG_CXX_LIBRARY = "libc++";
				CLANG_ENABLE_MODULES = YES;
				CLANG_ENABLE_OBJC_ARC = YES;
				CLANG_WARN_BLOCK_CAPTURE_AUTORELEASING = YES;
				CLANG_WARN_BOOL_CONVERSION = YES;
				CLANG_WARN_COMMA = YES;
				CLANG_WARN_CONSTANT_CONVERSION = YES;
				CLANG_WARN_DIRECT_OBJC_ISA_USAGE = YES_ERROR;
				CLANG_WARN_DOCUMENTATION_COMMENTS = YES;
				CLANG_WARN_EMPTY_BODY = YES;
				CLANG_WARN_ENUM_CONVERSION = YES;
				CLANG_WARN_INFINITE_RECURSION = YES;
				CLANG_WARN_INT_CONVERSION = YES;
				CLANG_WARN_NON_LITERAL_NULL_CONVERSION = YES;
				CLANG_WARN_OBJC_LITERAL_CONVERSION = YES;
				CLANG_WARN_OBJC_ROOT_CLASS = YES_ERROR;
				CLANG_WARN_RANGE_LOOP_ANALYSIS = YES;
				CLANG_WARN_STRICT_PROTOTYPES = YES;
				CLANG_WARN_SUSPICIOUS_MOVE = YES;
				CLANG_WARN_UNGUARDED_AVAILABILITY = YES_AGGRESSIVE;
				CLANG_WARN_UNREACHABLE_CODE = YES;
				CLANG_WARN__DUPLICATE_METHOD_MATCH = YES;
				CODE_SIGN_IDENTITY = "iPhone Developer";
				COPY_PHASE_STRIP = NO;
				DEBUG_INFORMATION_FORMAT = "dwarf-with-dsym";
				ENABLE_NS_ASSERTIONS = NO;
				ENABLE_STRICT_OBJC_MSGSEND = YES;
				GCC_C_LANGUAGE_STANDARD = gnu11;
				GCC_NO_COMMON_BLOCKS = YES;
				GCC_WARN_64_TO_32_BIT_CONVERSION = YES;
				GCC_WARN_ABOUT_RETURN_TYPE = YES_ERROR;
				GCC_WARN_UNDECLARED_SELECTOR = YES;
				GCC_WARN_UNINITIALIZED_AUTOS = YES_AGGRESSIVE;
				GCC_WARN_UNUSED_FUNCTION = YES;
				GCC_WARN_UNUSED_VARIABLE = YES;
				IPHONEOS_DEPLOYMENT_TARGET = 11.2;
				MTL_ENABLE_DEBUG_INFO = NO;
				SDKROOT = iphoneos;
				SWIFT_OPTIMIZATION_LEVEL = "-Owholemodule";
				VALIDATE_PRODUCT = YES;
			};
			name = Release;
		};
		464A05E6211991790026ED40 /* Debug */ = {
			isa = XCBuildConfiguration;
			baseConfigurationReference = B81F3131664DDB9EEDE60B4B /* Pods-breakpoint.debug.xcconfig */;
			buildSettings = {
				ASSETCATALOG_COMPILER_APPICON_NAME = AppIcon;
				CODE_SIGN_STYLE = Automatic;
				INFOPLIST_FILE = breakpoint/Info.plist;
				LD_RUNPATH_SEARCH_PATHS = "$(inherited) @executable_path/Frameworks";
				PRODUCT_BUNDLE_IDENTIFIER = MCY.breakpoint;
				PRODUCT_NAME = "$(TARGET_NAME)";
				SWIFT_VERSION = 4.0;
				TARGETED_DEVICE_FAMILY = "1,2";
			};
			name = Debug;
		};
		464A05E7211991790026ED40 /* Release */ = {
			isa = XCBuildConfiguration;
			baseConfigurationReference = 1F4CB1655F484BD6A9DEBD3E /* Pods-breakpoint.release.xcconfig */;
			buildSettings = {
				ASSETCATALOG_COMPILER_APPICON_NAME = AppIcon;
				CODE_SIGN_STYLE = Automatic;
				INFOPLIST_FILE = breakpoint/Info.plist;
				LD_RUNPATH_SEARCH_PATHS = "$(inherited) @executable_path/Frameworks";
				PRODUCT_BUNDLE_IDENTIFIER = MCY.breakpoint;
				PRODUCT_NAME = "$(TARGET_NAME)";
				SWIFT_VERSION = 4.0;
				TARGETED_DEVICE_FAMILY = "1,2";
			};
			name = Release;
		};
/* End XCBuildConfiguration section */

/* Begin XCConfigurationList section */
		464A05CC211991790026ED40 /* Build configuration list for PBXProject "breakpoint" */ = {
			isa = XCConfigurationList;
			buildConfigurations = (
				464A05E3211991790026ED40 /* Debug */,
				464A05E4211991790026ED40 /* Release */,
			);
			defaultConfigurationIsVisible = 0;
			defaultConfigurationName = Release;
		};
		464A05E5211991790026ED40 /* Build configuration list for PBXNativeTarget "breakpoint" */ = {
			isa = XCConfigurationList;
			buildConfigurations = (
				464A05E6211991790026ED40 /* Debug */,
				464A05E7211991790026ED40 /* Release */,
			);
			defaultConfigurationIsVisible = 0;
			defaultConfigurationName = Release;
		};
/* End XCConfigurationList section */
	};
	rootObject = 464A05C9211991790026ED40 /* Project object */;
}
